
Microsoft Visual Studio Solution File, Format Version 12.00
# Visual Studio Version 17
VisualStudioVersion = 17.5.002.0
MinimumVisualStudioVersion = 10.0.40219.1
Project("{9A19103F-16F7-4668-BE54-9A1E7A4F7556}") = "LoncotesLibrary", "LoncotesLibrary.csproj", "{011B061F-D01A-43A5-B3CA-DA6FBC202E21}"
EndProject
Global
	GlobalSection(SolutionConfigurationPlatforms) = preSolution
		Debug|Any CPU = Debug|Any CPU
		Release|Any CPU = Release|Any CPU
	EndGlobalSection
	GlobalSection(ProjectConfigurationPlatforms) = postSolution
		{011B061F-D01A-43A5-B3CA-DA6FBC202E21}.Debug|Any CPU.ActiveCfg = Debug|Any CPU
		{011B061F-D01A-43A5-B3CA-DA6FBC202E21}.Debug|Any CPU.Build.0 = Debug|Any CPU
		{011B061F-D01A-43A5-B3CA-DA6FBC202E21}.Release|Any CPU.ActiveCfg = Release|Any CPU
		{011B061F-D01A-43A5-B3CA-DA6FBC202E21}.Release|Any CPU.Build.0 = Release|Any CPU
	EndGlobalSection
	GlobalSection(SolutionProperties) = preSolution
		HideSolutionNode = FALSE
	EndGlobalSection
	GlobalSection(ExtensibilityGlobals) = postSolution
		SolutionGuid = {25EF8326-F70E-4AF9-ACA9-87806639596F}
	EndGlobalSection
EndGlobal
